
Microsoft Visual Studio Solution File, Format Version 12.00
# Visual Studio Version 17
VisualStudioVersion = 17.5.002.0
MinimumVisualStudioVersion = 10.0.40219.1
Project("{9A19103F-16F7-4668-BE54-9A1E7A4F7556}") = "DesafioFundamentos", "DesafioFundamentos\DesafioFundamentos.csproj", "{B40C9BA9-001D-4929-AC28-F7B0F77425FD}"
EndProject
Global
	GlobalSection(SolutionConfigurationPlatforms) = preSolution
		Debug|Any CPU = Debug|Any CPU
		Release|Any CPU = Release|Any CPU
	EndGlobalSection
	GlobalSection(ProjectConfigurationPlatforms) = postSolution
		{B40C9BA9-001D-4929-AC28-F7B0F77425FD}.Debug|Any CPU.ActiveCfg = Debug|Any CPU
		{B40C9BA9-001D-4929-AC28-F7B0F77425FD}.Debug|Any CPU.Build.0 = Debug|Any CPU
		{B40C9BA9-001D-4929-AC28-F7B0F77425FD}.Release|Any CPU.ActiveCfg = Release|Any CPU
		{B40C9BA9-001D-4929-AC28-F7B0F77425FD}.Release|Any CPU.Build.0 = Release|Any CPU
	EndGlobalSection
	GlobalSection(SolutionProperties) = preSolution
		HideSolutionNode = FALSE
	EndGlobalSection
	GlobalSection(ExtensibilityGlobals) = postSolution
		SolutionGuid = {54FE17BD-240A-4FB0-B5D9-1EE1E6C71A21}
	EndGlobalSection
EndGlobal
